
Microsoft Visual Studio Solution File, Format Version 12.00
# Visual Studio Version 17
VisualStudioVersion = 17.3.32811.315
MinimumVisualStudioVersion = 10.0.40219.1
Project("{FAE04EC0-301F-11D3-BF4B-00C04F79EFBC}") = "Beca.BaseConsola", "Beca.BaseConsola\Beca.BaseConsola.csproj", "{E6AF024D-02C8-4DF5-A474-F2DDFE66DDA0}"
EndProject
Global
	GlobalSection(SolutionConfigurationPlatforms) = preSolution
		Debug|Any CPU = Debug|Any CPU
		Release|Any CPU = Release|Any CPU
	EndGlobalSection
	GlobalSection(ProjectConfigurationPlatforms) = postSolution
		{E6AF024D-02C8-4DF5-A474-F2DDFE66DDA0}.Debug|Any CPU.ActiveCfg = Debug|Any CPU
		{E6AF024D-02C8-4DF5-A474-F2DDFE66DDA0}.Debug|Any CPU.Build.0 = Debug|Any CPU
		{E6AF024D-02C8-4DF5-A474-F2DDFE66DDA0}.Release|Any CPU.ActiveCfg = Release|Any CPU
		{E6AF024D-02C8-4DF5-A474-F2DDFE66DDA0}.Release|Any CPU.Build.0 = Release|Any CPU
	EndGlobalSection
	GlobalSection(SolutionProperties) = preSolution
		HideSolutionNode = FALSE
	EndGlobalSection
	GlobalSection(ExtensibilityGlobals) = postSolution
		SolutionGuid = {97BA37BE-5038-4E4A-9684-4B0E33E2827D}
	EndGlobalSection
EndGlobal
